// !$*UTF8*$!
{
	archiveVersion = 1;
	classes = {
	};
	objectVersion = 46;
	objects = {

/* Begin PBXBuildFile section */
		B92A51271A36366C00C2271D /* Compiler.swift in Sources */ = {isa = PBXBuildFile; fileRef = B92A51261A36366C00C2271D /* Compiler.swift */; };
		B92DEAC61A37331900130420 /* JavaLibrary.swift in Sources */ = {isa = PBXBuildFile; fileRef = B92DEAC51A37331900130420 /* JavaLibrary.swift */; };
		B9DF2DE81A30A58C00CD943C /* Helpers.swift in Sources */ = {isa = PBXBuildFile; fileRef = B9DF2DE01A30A58C00CD943C /* Helpers.swift */; };
		B9DF2DE91A30A58C00CD943C /* Interpreter.swift in Sources */ = {isa = PBXBuildFile; fileRef = B9DF2DE11A30A58C00CD943C /* Interpreter.swift */; };
		B9DF2DEA1A30A58C00CD943C /* main.swift in Sources */ = {isa = PBXBuildFile; fileRef = B9DF2DE21A30A58C00CD943C /* main.swift */; };
		B9DF2DEB1A30A58C00CD943C /* Parser.swift in Sources */ = {isa = PBXBuildFile; fileRef = B9DF2DE31A30A58C00CD943C /* Parser.swift */; };
		B9DF2DEC1A30A58C00CD943C /* ParseTree.swift in Sources */ = {isa = PBXBuildFile; fileRef = B9DF2DE41A30A58C00CD943C /* ParseTree.swift */; };
		B9DF2DED1A30A58C00CD943C /* Rexp.swift in Sources */ = {isa = PBXBuildFile; fileRef = B9DF2DE51A30A58C00CD943C /* Rexp.swift */; };
		B9DF2DEE1A30A58C00CD943C /* Tokeniser.swift in Sources */ = {isa = PBXBuildFile; fileRef = B9DF2DE61A30A58C00CD943C /* Tokeniser.swift */; };
		B9DF2DEF1A30A58C00CD943C /* Tokens.swift in Sources */ = {isa = PBXBuildFile; fileRef = B9DF2DE71A30A58C00CD943C /* Tokens.swift */; };
/* End PBXBuildFile section */

/* Begin PBXCopyFilesBuildPhase section */
		37B803D819DAF936004984B4 /* CopyFiles */ = {
			isa = PBXCopyFilesBuildPhase;
			buildActionMask = 2147483647;
			dstPath = /usr/share/man/man1/;
			dstSubfolderSpec = 0;
			files = (
			);
			runOnlyForDeploymentPostprocessing = 1;
		};
/* End PBXCopyFilesBuildPhase section */

/* Begin PBXFileReference section */
		37B803DA19DAF936004984B4 /* WhileCompiler */ = {isa = PBXFileReference; explicitFileType = "compiled.mach-o.executable"; includeInIndex = 0; path = WhileCompiler; sourceTree = BUILT_PRODUCTS_DIR; };
		B92A51261A36366C00C2271D /* Compiler.swift */ = {isa = PBXFileReference; fileEncoding = 4; lastKnownFileType = sourcecode.swift; path = Compiler.swift; sourceTree = SOURCE_ROOT; };
		B92DEAC51A37331900130420 /* JavaLibrary.swift */ = {isa = PBXFileReference; fileEncoding = 4; lastKnownFileType = sourcecode.swift; path = JavaLibrary.swift; sourceTree = SOURCE_ROOT; };
		B9DF2DE01A30A58C00CD943C /* Helpers.swift */ = {isa = PBXFileReference; fileEncoding = 4; lastKnownFileType = sourcecode.swift; name = Helpers.swift; path = WhileCompiler/Helpers.swift; sourceTree = SOURCE_ROOT; };
		B9DF2DE11A30A58C00CD943C /* Interpreter.swift */ = {isa = PBXFileReference; fileEncoding = 4; lastKnownFileType = sourcecode.swift; name = Interpreter.swift; path = WhileCompiler/Interpreter.swift; sourceTree = SOURCE_ROOT; };
		B9DF2DE21A30A58C00CD943C /* main.swift */ = {isa = PBXFileReference; fileEncoding = 4; lastKnownFileType = sourcecode.swift; name = main.swift; path = WhileCompiler/main.swift; sourceTree = SOURCE_ROOT; };
		B9DF2DE31A30A58C00CD943C /* Parser.swift */ = {isa = PBXFileReference; fileEncoding = 4; lastKnownFileType = sourcecode.swift; name = Parser.swift; path = WhileCompiler/Parser.swift; sourceTree = SOURCE_ROOT; };
		B9DF2DE41A30A58C00CD943C /* ParseTree.swift */ = {isa = PBXFileReference; fileEncoding = 4; lastKnownFileType = sourcecode.swift; name = ParseTree.swift; path = WhileCompiler/ParseTree.swift; sourceTree = SOURCE_ROOT; };
		B9DF2DE51A30A58C00CD943C /* Rexp.swift */ = {isa = PBXFileReference; fileEncoding = 4; lastKnownFileType = sourcecode.swift; name = Rexp.swift; path = WhileCompiler/Rexp.swift; sourceTree = SOURCE_ROOT; };
		B9DF2DE61A30A58C00CD943C /* Tokeniser.swift */ = {isa = PBXFileReference; fileEncoding = 4; lastKnownFileType = sourcecode.swift; name = Tokeniser.swift; path = WhileCompiler/Tokeniser.swift; sourceTree = SOURCE_ROOT; };
		B9DF2DE71A30A58C00CD943C /* Tokens.swift */ = {isa = PBXFileReference; fileEncoding = 4; lastKnownFileType = sourcecode.swift; name = Tokens.swift; path = WhileCompiler/Tokens.swift; sourceTree = SOURCE_ROOT; };
/* End PBXFileReference section */

/* Begin PBXFrameworksBuildPhase section */
		37B803D719DAF936004984B4 /* Frameworks */ = {
			isa = PBXFrameworksBuildPhase;
			buildActionMask = 2147483647;
			files = (
			);
			runOnlyForDeploymentPostprocessing = 0;
		};
/* End PBXFrameworksBuildPhase section */

/* Begin PBXGroup section */
		37B803D119DAF935004984B4 = {
			isa = PBXGroup;
			children = (
				37B803DC19DAF936004984B4 /* WhileCompiler */,
				37B803DB19DAF936004984B4 /* Products */,
			);
			sourceTree = "<group>";
		};
		37B803DB19DAF936004984B4 /* Products */ = {
			isa = PBXGroup;
			children = (
				37B803DA19DAF936004984B4 /* WhileCompiler */,
			);
			name = Products;
			sourceTree = "<group>";
		};
		37B803DC19DAF936004984B4 /* WhileCompiler */ = {
			isa = PBXGroup;
			children = (
				B9DF2DE21A30A58C00CD943C /* main.swift */,
				B9DF2DE51A30A58C00CD943C /* Rexp.swift */,
				B9DF2DE61A30A58C00CD943C /* Tokeniser.swift */,
				B9DF2DE71A30A58C00CD943C /* Tokens.swift */,
				B9DF2DE01A30A58C00CD943C /* Helpers.swift */,
				B9DF2DE31A30A58C00CD943C /* Parser.swift */,
				B9DF2DE41A30A58C00CD943C /* ParseTree.swift */,
				B9DF2DE11A30A58C00CD943C /* Interpreter.swift */,
				B92A51261A36366C00C2271D /* Compiler.swift */,
				B92DEAC51A37331900130420 /* JavaLibrary.swift */,
			);
			name = WhileCompiler;
			path = Regex;
			sourceTree = "<group>";
		};
/* End PBXGroup section */

/* Begin PBXNativeTarget section */
		37B803D919DAF936004984B4 /* WhileCompiler */ = {
			isa = PBXNativeTarget;
			buildConfigurationList = 37B803E119DAF936004984B4 /* Build configuration list for PBXNativeTarget "WhileCompiler" */;
			buildPhases = (
				37B803D619DAF936004984B4 /* Sources */,
				37B803D719DAF936004984B4 /* Frameworks */,
				37B803D819DAF936004984B4 /* CopyFiles */,
			);
			buildRules = (
			);
			dependencies = (
			);
			name = WhileCompiler;
			productName = Regex;
			productReference = 37B803DA19DAF936004984B4 /* WhileCompiler */;
			productType = "com.apple.product-type.tool";
		};
/* End PBXNativeTarget section */

/* Begin PBXProject section */
		37B803D219DAF935004984B4 /* Project object */ = {
			isa = PBXProject;
			attributes = {
				LastUpgradeCheck = 0600;
				ORGANIZATIONNAME = Hani;
				TargetAttributes = {
					37B803D919DAF936004984B4 = {
						CreatedOnToolsVersion = 6.1;
					};
				};
			};
			buildConfigurationList = 37B803D519DAF935004984B4 /* Build configuration list for PBXProject "WhileCompiler" */;
			compatibilityVersion = "Xcode 3.2";
			developmentRegion = English;
			hasScannedForEncodings = 0;
			knownRegions = (
				en,
			);
			mainGroup = 37B803D119DAF935004984B4;
			productRefGroup = 37B803DB19DAF936004984B4 /* Products */;
			projectDirPath = "";
			projectRoot = "";
			targets = (
				37B803D919DAF936004984B4 /* WhileCompiler */,
			);
		};
/* End PBXProject section */

/* Begin PBXSourcesBuildPhase section */
		37B803D619DAF936004984B4 /* Sources */ = {
			isa = PBXSourcesBuildPhase;
			buildActionMask = 2147483647;
			files = (
				B9DF2DEE1A30A58C00CD943C /* Tokeniser.swift in Sources */,
				B92A51271A36366C00C2271D /* Compiler.swift in Sources */,
				B9DF2DE91A30A58C00CD943C /* Interpreter.swift in Sources */,
				B9DF2DE81A30A58C00CD943C /* Helpers.swift in Sources */,
				B9DF2DEA1A30A58C00CD943C /* main.swift in Sources */,
				B9DF2DEB1A30A58C00CD943C /* Parser.swift in Sources */,
				B9DF2DEF1A30A58C00CD943C /* Tokens.swift in Sources */,
				B9DF2DED1A30A58C00CD943C /* Rexp.swift in Sources */,
				B9DF2DEC1A30A58C00CD943C /* ParseTree.swift in Sources */,
				B92DEAC61A37331900130420 /* JavaLibrary.swift in Sources */,
			);
			runOnlyForDeploymentPostprocessing = 0;
		};
/* End PBXSourcesBuildPhase section */

/* Begin XCBuildConfiguration section */
		37B803DF19DAF936004984B4 /* Debug */ = {
			isa = XCBuildConfiguration;
			buildSettings = {
				ALWAYS_SEARCH_USER_PATHS = NO;
				CLANG_CXX_LANGUAGE_STANDARD = "gnu++0x";
				CLANG_CXX_LIBRARY = "libc++";
				CLANG_ENABLE_MODULES = YES;
				CLANG_ENABLE_OBJC_ARC = YES;
				CLANG_WARN_BOOL_CONVERSION = YES;
				CLANG_WARN_CONSTANT_CONVERSION = YES;
				CLANG_WARN_DIRECT_OBJC_ISA_USAGE = YES_ERROR;
				CLANG_WARN_EMPTY_BODY = YES;
				CLANG_WARN_ENUM_CONVERSION = YES;
				CLANG_WARN_INT_CONVERSION = YES;
				CLANG_WARN_OBJC_ROOT_CLASS = YES_ERROR;
				CLANG_WARN_UNREACHABLE_CODE = YES;
				CLANG_WARN__DUPLICATE_METHOD_MATCH = YES;
				COPY_PHASE_STRIP = NO;
				ENABLE_STRICT_OBJC_MSGSEND = YES;
				GCC_C_LANGUAGE_STANDARD = gnu99;
				GCC_DYNAMIC_NO_PIC = NO;
				GCC_OPTIMIZATION_LEVEL = 0;
				GCC_PREPROCESSOR_DEFINITIONS = (
					"DEBUG=1",
					"$(inherited)",
				);
				GCC_SYMBOLS_PRIVATE_EXTERN = NO;
				GCC_WARN_64_TO_32_BIT_CONVERSION = YES;
				GCC_WARN_ABOUT_RETURN_TYPE = YES_ERROR;
				GCC_WARN_UNDECLARED_SELECTOR = YES;
				GCC_WARN_UNINITIALIZED_AUTOS = YES_AGGRESSIVE;
				GCC_WARN_UNUSED_FUNCTION = YES;
				GCC_WARN_UNUSED_VARIABLE = YES;
				MACOSX_DEPLOYMENT_TARGET = 10.10;
				MTL_ENABLE_DEBUG_INFO = YES;
				ONLY_ACTIVE_ARCH = YES;
				SDKROOT = macosx;
				SWIFT_OPTIMIZATION_LEVEL = "-Onone";
			};
			name = Debug;
		};
		37B803E019DAF936004984B4 /* Release */ = {
			isa = XCBuildConfiguration;
			buildSettings = {
				ALWAYS_SEARCH_USER_PATHS = NO;
				CLANG_CXX_LANGUAGE_STANDARD = "gnu++0x";
				CLANG_CXX_LIBRARY = "libc++";
				CLANG_ENABLE_MODULES = YES;
				CLANG_ENABLE_OBJC_ARC = YES;
				CLANG_WARN_BOOL_CONVERSION = YES;
				CLANG_WARN_CONSTANT_CONVERSION = YES;
				CLANG_WARN_DIRECT_OBJC_ISA_USAGE = YES_ERROR;
				CLANG_WARN_EMPTY_BODY = YES;
				CLANG_WARN_ENUM_CONVERSION = YES;
				CLANG_WARN_INT_CONVERSION = YES;
				CLANG_WARN_OBJC_ROOT_CLASS = YES_ERROR;
				CLANG_WARN_UNREACHABLE_CODE = YES;
				CLANG_WARN__DUPLICATE_METHOD_MATCH = YES;
				COPY_PHASE_STRIP = YES;
				DEBUG_INFORMATION_FORMAT = "dwarf-with-dsym";
				ENABLE_NS_ASSERTIONS = NO;
				ENABLE_STRICT_OBJC_MSGSEND = YES;
				GCC_C_LANGUAGE_STANDARD = gnu99;
				GCC_WARN_64_TO_32_BIT_CONVERSION = YES;
				GCC_WARN_ABOUT_RETURN_TYPE = YES_ERROR;
				GCC_WARN_UNDECLARED_SELECTOR = YES;
				GCC_WARN_UNINITIALIZED_AUTOS = YES_AGGRESSIVE;
				GCC_WARN_UNUSED_FUNCTION = YES;
				GCC_WARN_UNUSED_VARIABLE = YES;
				MACOSX_DEPLOYMENT_TARGET = 10.10;
				MTL_ENABLE_DEBUG_INFO = NO;
				SDKROOT = macosx;
			};
			name = Release;
		};
		37B803E219DAF936004984B4 /* Debug */ = {
			isa = XCBuildConfiguration;
			buildSettings = {
				PRODUCT_NAME = WhileCompiler;
			};
			name = Debug;
		};
		37B803E319DAF936004984B4 /* Release */ = {
			isa = XCBuildConfiguration;
			buildSettings = {
				PRODUCT_NAME = WhileCompiler;
			};
			name = Release;
		};
/* End XCBuildConfiguration section */

/* Begin XCConfigurationList section */
		37B803D519DAF935004984B4 /* Build configuration list for PBXProject "WhileCompiler" */ = {
			isa = XCConfigurationList;
			buildConfigurations = (
				37B803DF19DAF936004984B4 /* Debug */,
				37B803E019DAF936004984B4 /* Release */,
			);
			defaultConfigurationIsVisible = 0;
			defaultConfigurationName = Release;
		};
		37B803E119DAF936004984B4 /* Build configuration list for PBXNativeTarget "WhileCompiler" */ = {
			isa = XCConfigurationList;
			buildConfigurations = (
				37B803E219DAF936004984B4 /* Debug */,
				37B803E319DAF936004984B4 /* Release */,
			);
			defaultConfigurationIsVisible = 0;
			defaultConfigurationName = Release;
		};
/* End XCConfigurationList section */
	};
	rootObject = 37B803D219DAF935004984B4 /* Project object */;
}
